{
  "object": {
    "pins": [
      {
        "package": "FocusEntity",
        "repositoryURL": "http://github.com/maxxfrazer/FocusEntity",
        "state": {
          "branch": "main",
          "revision": "615af712434dcf0e4800909f6291d6a6a088b754",
          "version": null
        }
      },
      {
        "package": "Promises",
        "repositoryURL": "https://github.com/google/promises",
        "state": {
          "branch": null,
          "revision": "611337c330350c9c1823ad6d671e7f936af5ee13",
          "version": "2.0.0"
        }
      }
    ]
  },
  "version": 1
}
